
Microsoft Visual Studio Solution File, Format Version 12.00
# Visual Studio Version 17
VisualStudioVersion = 17.5.33414.496
MinimumVisualStudioVersion = 10.0.40219.1
Project("{FAE04EC0-301F-11D3-BF4B-00C04F79EFBC}") = "PacMeaw", "PacMeaw\PacMeaw.csproj", "{93278C97-8147-45AE-9326-D52F3254AC0F}"
EndProject
Global
	GlobalSection(SolutionConfigurationPlatforms) = preSolution
		Debug|Any CPU = Debug|Any CPU
		Release|Any CPU = Release|Any CPU
	EndGlobalSection
	GlobalSection(ProjectConfigurationPlatforms) = postSolution
		{93278C97-8147-45AE-9326-D52F3254AC0F}.Debug|Any CPU.ActiveCfg = Debug|Any CPU
		{93278C97-8147-45AE-9326-D52F3254AC0F}.Debug|Any CPU.Build.0 = Debug|Any CPU
		{93278C97-8147-45AE-9326-D52F3254AC0F}.Release|Any CPU.ActiveCfg = Release|Any CPU
		{93278C97-8147-45AE-9326-D52F3254AC0F}.Release|Any CPU.Build.0 = Release|Any CPU
	EndGlobalSection
	GlobalSection(SolutionProperties) = preSolution
		HideSolutionNode = FALSE
	EndGlobalSection
	GlobalSection(ExtensibilityGlobals) = postSolution
		SolutionGuid = {B6D1BEA7-6848-4308-841A-CC589F741DD0}
	EndGlobalSection
EndGlobal
